// !$*UTF8*$!
{
	archiveVersion = 1;
	classes = {
	};
	objectVersion = 46;
	objects = {

/* Begin PBXBuildFile section */
		705E62C01948F1E80031E4B5 /* Foundation.framework in Frameworks */ = {isa = PBXBuildFile; fileRef = 705E62BF1948F1E80031E4B5 /* Foundation.framework */; };
		705E62C21948F1E80031E4B5 /* CoreGraphics.framework in Frameworks */ = {isa = PBXBuildFile; fileRef = 705E62C11948F1E80031E4B5 /* CoreGraphics.framework */; };
		705E62C41948F1E80031E4B5 /* UIKit.framework in Frameworks */ = {isa = PBXBuildFile; fileRef = 705E62C31948F1E80031E4B5 /* UIKit.framework */; };
		705E62CA1948F1E80031E4B5 /* InfoPlist.strings in Resources */ = {isa = PBXBuildFile; fileRef = 705E62C81948F1E80031E4B5 /* InfoPlist.strings */; };
		705E62CC1948F1E80031E4B5 /* main.m in Sources */ = {isa = PBXBuildFile; fileRef = 705E62CB1948F1E80031E4B5 /* main.m */; };
		705E62D01948F1E80031E4B5 /* WAAppDelegate.m in Sources */ = {isa = PBXBuildFile; fileRef = 705E62CF1948F1E80031E4B5 /* WAAppDelegate.m */; };
		705E62D21948F1E80031E4B5 /* Images.xcassets in Resources */ = {isa = PBXBuildFile; fileRef = 705E62D11948F1E80031E4B5 /* Images.xcassets */; };
		705E62D91948F1E80031E4B5 /* XCTest.framework in Frameworks */ = {isa = PBXBuildFile; fileRef = 705E62D81948F1E80031E4B5 /* XCTest.framework */; };
		705E62DA1948F1E80031E4B5 /* Foundation.framework in Frameworks */ = {isa = PBXBuildFile; fileRef = 705E62BF1948F1E80031E4B5 /* Foundation.framework */; };
		705E62DB1948F1E80031E4B5 /* UIKit.framework in Frameworks */ = {isa = PBXBuildFile; fileRef = 705E62C31948F1E80031E4B5 /* UIKit.framework */; };
		705E62E31948F1E80031E4B5 /* InfoPlist.strings in Resources */ = {isa = PBXBuildFile; fileRef = 705E62E11948F1E80031E4B5 /* InfoPlist.strings */; };
		705E62E51948F1E80031E4B5 /* ThisIsAProjectTests.m in Sources */ = {isa = PBXBuildFile; fileRef = 705E62E41948F1E80031E4B5 /* ThisIsAProjectTests.m */; };
		705E62F91948F2420031E4B5 /* ViewController.m in Sources */ = {isa = PBXBuildFile; fileRef = 705E62F71948F2420031E4B5 /* ViewController.m */; };
/* End PBXBuildFile section */

/* Begin PBXContainerItemProxy section */
		705E62DC1948F1E80031E4B5 /* PBXContainerItemProxy */ = {
			isa = PBXContainerItemProxy;
			containerPortal = 705E62B41948F1E80031E4B5 /* Project object */;
			proxyType = 1;
			remoteGlobalIDString = 705E62BB1948F1E80031E4B5;
			remoteInfo = ThisIsAProject;
		};
/* End PBXContainerItemProxy section */

/* Begin PBXFileReference section */
		705E62BC1948F1E80031E4B5 /* ThisIsAProject.app */ = {isa = PBXFileReference; explicitFileType = wrapper.application; includeInIndex = 0; path = ThisIsAProject.app; sourceTree = BUILT_PRODUCTS_DIR; };
		705E62BF1948F1E80031E4B5 /* Foundation.framework */ = {isa = PBXFileReference; lastKnownFileType = wrapper.framework; name = Foundation.framework; path = System/Library/Frameworks/Foundation.framework; sourceTree = SDKROOT; };
		705E62C11948F1E80031E4B5 /* CoreGraphics.framework */ = {isa = PBXFileReference; lastKnownFileType = wrapper.framework; name = CoreGraphics.framework; path = System/Library/Frameworks/CoreGraphics.framework; sourceTree = SDKROOT; };
		705E62C31948F1E80031E4B5 /* UIKit.framework */ = {isa = PBXFileReference; lastKnownFileType = wrapper.framework; name = UIKit.framework; path = System/Library/Frameworks/UIKit.framework; sourceTree = SDKROOT; };
		705E62C71948F1E80031E4B5 /* ThisIsAProject-Info.plist */ = {isa = PBXFileReference; lastKnownFileType = text.plist.xml; path = "ThisIsAProject-Info.plist"; sourceTree = "<group>"; };
		705E62C91948F1E80031E4B5 /* en */ = {isa = PBXFileReference; lastKnownFileType = text.plist.strings; name = en; path = en.lproj/InfoPlist.strings; sourceTree = "<group>"; };
		705E62CB1948F1E80031E4B5 /* main.m */ = {isa = PBXFileReference; lastKnownFileType = sourcecode.c.objc; path = main.m; sourceTree = "<group>"; };
		705E62CD1948F1E80031E4B5 /* ThisIsAProject-Prefix.pch */ = {isa = PBXFileReference; lastKnownFileType = sourcecode.c.h; path = "ThisIsAProject-Prefix.pch"; sourceTree = "<group>"; };
		705E62CE1948F1E80031E4B5 /* WAAppDelegate.h */ = {isa = PBXFileReference; lastKnownFileType = sourcecode.c.h; path = WAAppDelegate.h; sourceTree = "<group>"; };
		705E62CF1948F1E80031E4B5 /* WAAppDelegate.m */ = {isa = PBXFileReference; lastKnownFileType = sourcecode.c.objc; path = WAAppDelegate.m; sourceTree = "<group>"; };
		705E62D11948F1E80031E4B5 /* Images.xcassets */ = {isa = PBXFileReference; lastKnownFileType = folder.assetcatalog; path = Images.xcassets; sourceTree = "<group>"; };
		705E62D71948F1E80031E4B5 /* ThisIsAProjectTests.xctest */ = {isa = PBXFileReference; explicitFileType = wrapper.cfbundle; includeInIndex = 0; path = ThisIsAProjectTests.xctest; sourceTree = BUILT_PRODUCTS_DIR; };
		705E62D81948F1E80031E4B5 /* XCTest.framework */ = {isa = PBXFileReference; lastKnownFileType = wrapper.framework; name = XCTest.framework; path = Library/Frameworks/XCTest.framework; sourceTree = DEVELOPER_DIR; };
		705E62E01948F1E80031E4B5 /* ThisIsAProjectTests-Info.plist */ = {isa = PBXFileReference; lastKnownFileType = text.plist.xml; path = "ThisIsAProjectTests-Info.plist"; sourceTree = "<group>"; };
		705E62E21948F1E80031E4B5 /* en */ = {isa = PBXFileReference; lastKnownFileType = text.plist.strings; name = en; path = en.lproj/InfoPlist.strings; sourceTree = "<group>"; };
		705E62E41948F1E80031E4B5 /* ThisIsAProjectTests.m */ = {isa = PBXFileReference; lastKnownFileType = sourcecode.c.objc; path = ThisIsAProjectTests.m; sourceTree = "<group>"; };
		705E62F61948F2420031E4B5 /* ViewController.h */ = {isa = PBXFileReference; fileEncoding = 4; lastKnownFileType = sourcecode.c.h; path = ViewController.h; sourceTree = "<group>"; };
		705E62F71948F2420031E4B5 /* ViewController.m */ = {isa = PBXFileReference; fileEncoding = 4; lastKnownFileType = sourcecode.c.objc; path = ViewController.m; sourceTree = "<group>"; };
/* End PBXFileReference section */

/* Begin PBXFrameworksBuildPhase section */
		705E62B91948F1E80031E4B5 /* Frameworks */ = {
			isa = PBXFrameworksBuildPhase;
			buildActionMask = 2147483647;
			files = (
				705E62C21948F1E80031E4B5 /* CoreGraphics.framework in Frameworks */,
				705E62C41948F1E80031E4B5 /* UIKit.framework in Frameworks */,
				705E62C01948F1E80031E4B5 /* Foundation.framework in Frameworks */,
			);
			runOnlyForDeploymentPostprocessing = 0;
		};
		705E62D41948F1E80031E4B5 /* Frameworks */ = {
			isa = PBXFrameworksBuildPhase;
			buildActionMask = 2147483647;
			files = (
				705E62D91948F1E80031E4B5 /* XCTest.framework in Frameworks */,
				705E62DB1948F1E80031E4B5 /* UIKit.framework in Frameworks */,
				705E62DA1948F1E80031E4B5 /* Foundation.framework in Frameworks */,
			);
			runOnlyForDeploymentPostprocessing = 0;
		};
/* End PBXFrameworksBuildPhase section */

/* Begin PBXGroup section */
		705E62B31948F1E80031E4B5 = {
			isa = PBXGroup;
			children = (
				705E62C51948F1E80031E4B5 /* ThisIsAProject */,
				705E62DE1948F1E80031E4B5 /* ThisIsAProjectTests */,
				705E62BE1948F1E80031E4B5 /* Frameworks */,
				705E62BD1948F1E80031E4B5 /* Products */,
			);
			sourceTree = "<group>";
		};
		705E62BD1948F1E80031E4B5 /* Products */ = {
			isa = PBXGroup;
			children = (
				705E62BC1948F1E80031E4B5 /* ThisIsAProject.app */,
				705E62D71948F1E80031E4B5 /* ThisIsAProjectTests.xctest */,
			);
			name = Products;
			sourceTree = "<group>";
		};
		705E62BE1948F1E80031E4B5 /* Frameworks */ = {
			isa = PBXGroup;
			children = (
				705E62BF1948F1E80031E4B5 /* Foundation.framework */,
				705E62C11948F1E80031E4B5 /* CoreGraphics.framework */,
				705E62C31948F1E80031E4B5 /* UIKit.framework */,
				705E62D81948F1E80031E4B5 /* XCTest.framework */,
			);
			name = Frameworks;
			sourceTree = "<group>";
		};
		705E62C51948F1E80031E4B5 /* ThisIsAProject */ = {
			isa = PBXGroup;
			children = (
				705E62CE1948F1E80031E4B5 /* WAAppDelegate.h */,
				705E62CF1948F1E80031E4B5 /* WAAppDelegate.m */,
				705E62F61948F2420031E4B5 /* ViewController.h */,
				705E62F71948F2420031E4B5 /* ViewController.m */,
				705E62D11948F1E80031E4B5 /* Images.xcassets */,
				705E62C61948F1E80031E4B5 /* Supporting Files */,
			);
			path = ThisIsAProject;
			sourceTree = "<group>";
		};
		705E62C61948F1E80031E4B5 /* Supporting Files */ = {
			isa = PBXGroup;
			children = (
				705E62C71948F1E80031E4B5 /* ThisIsAProject-Info.plist */,
				705E62C81948F1E80031E4B5 /* InfoPlist.strings */,
				705E62CB1948F1E80031E4B5 /* main.m */,
				705E62CD1948F1E80031E4B5 /* ThisIsAProject-Prefix.pch */,
			);
			name = "Supporting Files";
			sourceTree = "<group>";
		};
		705E62DE1948F1E80031E4B5 /* ThisIsAProjectTests */ = {
			isa = PBXGroup;
			children = (
				705E62E41948F1E80031E4B5 /* ThisIsAProjectTests.m */,
				705E62DF1948F1E80031E4B5 /* Supporting Files */,
			);
			path = ThisIsAProjectTests;
			sourceTree = "<group>";
		};
		705E62DF1948F1E80031E4B5 /* Supporting Files */ = {
			isa = PBXGroup;
			children = (
				705E62E01948F1E80031E4B5 /* ThisIsAProjectTests-Info.plist */,
				705E62E11948F1E80031E4B5 /* InfoPlist.strings */,
			);
			name = "Supporting Files";
			sourceTree = "<group>";
		};
/* End PBXGroup section */

/* Begin PBXNativeTarget section */
		705E62BB1948F1E80031E4B5 /* ThisIsAProject */ = {
			isa = PBXNativeTarget;
			buildConfigurationList = 705E62E81948F1E80031E4B5 /* Build configuration list for PBXNativeTarget "ThisIsAProject" */;
			buildPhases = (
				705E62B81948F1E80031E4B5 /* Sources */,
				705E62B91948F1E80031E4B5 /* Frameworks */,
				705E62BA1948F1E80031E4B5 /* Resources */,
			);
			buildRules = (
			);
			dependencies = (
			);
			name = ThisIsAProject;
			productName = ThisIsAProject;
			productReference = 705E62BC1948F1E80031E4B5 /* ThisIsAProject.app */;
			productType = "com.apple.product-type.application";
		};
		705E62D61948F1E80031E4B5 /* ThisIsAProjectTests */ = {
			isa = PBXNativeTarget;
			buildConfigurationList = 705E62EB1948F1E80031E4B5 /* Build configuration list for PBXNativeTarget "ThisIsAProjectTests" */;
			buildPhases = (
				705E62D31948F1E80031E4B5 /* Sources */,
				705E62D41948F1E80031E4B5 /* Frameworks */,
				705E62D51948F1E80031E4B5 /* Resources */,
			);
			buildRules = (
			);
			dependencies = (
				705E62DD1948F1E80031E4B5 /* PBXTargetDependency */,
			);
			name = ThisIsAProjectTests;
			productName = ThisIsAProjectTests;
			productReference = 705E62D71948F1E80031E4B5 /* ThisIsAProjectTests.xctest */;
			productType = "com.apple.product-type.bundle.unit-test";
		};
/* End PBXNativeTarget section */

/* Begin PBXProject section */
		705E62B41948F1E80031E4B5 /* Project object */ = {
			isa = PBXProject;
			attributes = {
				CLASSPREFIX = WA;
				LastUpgradeCheck = 0510;
				ORGANIZATIONNAME = "Detroit Labs";
				TargetAttributes = {
					705E62D61948F1E80031E4B5 = {
						TestTargetID = 705E62BB1948F1E80031E4B5;
					};
				};
			};
			buildConfigurationList = 705E62B71948F1E80031E4B5 /* Build configuration list for PBXProject "ThisIsAProject" */;
			compatibilityVersion = "Xcode 3.2";
			developmentRegion = English;
			hasScannedForEncodings = 0;
			knownRegions = (
				en,
			);
			mainGroup = 705E62B31948F1E80031E4B5;
			productRefGroup = 705E62BD1948F1E80031E4B5 /* Products */;
			projectDirPath = "";
			projectRoot = "";
			targets = (
				705E62BB1948F1E80031E4B5 /* ThisIsAProject */,
				705E62D61948F1E80031E4B5 /* ThisIsAProjectTests */,
			);
		};
/* End PBXProject section */

/* Begin PBXResourcesBuildPhase section */
		705E62BA1948F1E80031E4B5 /* Resources */ = {
			isa = PBXResourcesBuildPhase;
			buildActionMask = 2147483647;
			files = (
				705E62CA1948F1E80031E4B5 /* InfoPlist.strings in Resources */,
				705E62D21948F1E80031E4B5 /* Images.xcassets in Resources */,
			);
			runOnlyForDeploymentPostprocessing = 0;
		};
		705E62D51948F1E80031E4B5 /* Resources */ = {
			isa = PBXResourcesBuildPhase;
			buildActionMask = 2147483647;
			files = (
				705E62E31948F1E80031E4B5 /* InfoPlist.strings in Resources */,
			);
			runOnlyForDeploymentPostprocessing = 0;
		};
/* End PBXResourcesBuildPhase section */

/* Begin PBXSourcesBuildPhase section */
		705E62B81948F1E80031E4B5 /* Sources */ = {
			isa = PBXSourcesBuildPhase;
			buildActionMask = 2147483647;
			files = (
				705E62F91948F2420031E4B5 /* ViewController.m in Sources */,
				705E62D01948F1E80031E4B5 /* WAAppDelegate.m in Sources */,
				705E62CC1948F1E80031E4B5 /* main.m in Sources */,
			);
			runOnlyForDeploymentPostprocessing = 0;
		};
		705E62D31948F1E80031E4B5 /* Sources */ = {
			isa = PBXSourcesBuildPhase;
			buildActionMask = 2147483647;
			files = (
				705E62E51948F1E80031E4B5 /* ThisIsAProjectTests.m in Sources */,
			);
			runOnlyForDeploymentPostprocessing = 0;
		};
/* End PBXSourcesBuildPhase section */

/* Begin PBXTargetDependency section */
		705E62DD1948F1E80031E4B5 /* PBXTargetDependency */ = {
			isa = PBXTargetDependency;
			target = 705E62BB1948F1E80031E4B5 /* ThisIsAProject */;
			targetProxy = 705E62DC1948F1E80031E4B5 /* PBXContainerItemProxy */;
		};
/* End PBXTargetDependency section */

/* Begin PBXVariantGroup section */
		705E62C81948F1E80031E4B5 /* InfoPlist.strings */ = {
			isa = PBXVariantGroup;
			children = (
				705E62C91948F1E80031E4B5 /* en */,
			);
			name = InfoPlist.strings;
			sourceTree = "<group>";
		};
		705E62E11948F1E80031E4B5 /* InfoPlist.strings */ = {
			isa = PBXVariantGroup;
			children = (
				705E62E21948F1E80031E4B5 /* en */,
			);
			name = InfoPlist.strings;
			sourceTree = "<group>";
		};
/* End PBXVariantGroup section */

/* Begin XCBuildConfiguration section */
		705E62E61948F1E80031E4B5 /* Debug */ = {
			isa = XCBuildConfiguration;
			buildSettings = {
				ALWAYS_SEARCH_USER_PATHS = NO;
				CLANG_CXX_LANGUAGE_STANDARD = "gnu++0x";
				CLANG_CXX_LIBRARY = "libc++";
				CLANG_ENABLE_MODULES = YES;
				CLANG_ENABLE_OBJC_ARC = YES;
				CLANG_WARN_BOOL_CONVERSION = YES;
				CLANG_WARN_CONSTANT_CONVERSION = YES;
				CLANG_WARN_DIRECT_OBJC_ISA_USAGE = YES_ERROR;
				CLANG_WARN_EMPTY_BODY = YES;
				CLANG_WARN_ENUM_CONVERSION = YES;
				CLANG_WARN_INT_CONVERSION = YES;
				CLANG_WARN_OBJC_ROOT_CLASS = YES_ERROR;
				CLANG_WARN__DUPLICATE_METHOD_MATCH = YES;
				"CODE_SIGN_IDENTITY[sdk=iphoneos*]" = "iPhone Developer";
				COPY_PHASE_STRIP = NO;
				GCC_C_LANGUAGE_STANDARD = gnu99;
				GCC_DYNAMIC_NO_PIC = NO;
				GCC_OPTIMIZATION_LEVEL = 0;
				GCC_PREPROCESSOR_DEFINITIONS = (
					"DEBUG=1",
					"$(inherited)",
				);
				GCC_SYMBOLS_PRIVATE_EXTERN = NO;
				GCC_WARN_64_TO_32_BIT_CONVERSION = YES;
				GCC_WARN_ABOUT_RETURN_TYPE = YES_ERROR;
				GCC_WARN_UNDECLARED_SELECTOR = YES;
				GCC_WARN_UNINITIALIZED_AUTOS = YES_AGGRESSIVE;
				GCC_WARN_UNUSED_FUNCTION = YES;
				GCC_WARN_UNUSED_VARIABLE = YES;
				IPHONEOS_DEPLOYMENT_TARGET = 7.1;
				ONLY_ACTIVE_ARCH = YES;
				SDKROOT = iphoneos;
				TARGETED_DEVICE_FAMILY = "1,2";
			};
			name = Debug;
		};
		705E62E71948F1E80031E4B5 /* Release */ = {
			isa = XCBuildConfiguration;
			buildSettings = {
				ALWAYS_SEARCH_USER_PATHS = NO;
				CLANG_CXX_LANGUAGE_STANDARD = "gnu++0x";
				CLANG_CXX_LIBRARY = "libc++";
				CLANG_ENABLE_MODULES = YES;
				CLANG_ENABLE_OBJC_ARC = YES;
				CLANG_WARN_BOOL_CONVERSION = YES;
				CLANG_WARN_CONSTANT_CONVERSION = YES;
				CLANG_WARN_DIRECT_OBJC_ISA_USAGE = YES_ERROR;
				CLANG_WARN_EMPTY_BODY = YES;
				CLANG_WARN_ENUM_CONVERSION = YES;
				CLANG_WARN_INT_CONVERSION = YES;
				CLANG_WARN_OBJC_ROOT_CLASS = YES_ERROR;
				CLANG_WARN__DUPLICATE_METHOD_MATCH = YES;
				"CODE_SIGN_IDENTITY[sdk=iphoneos*]" = "iPhone Developer";
				COPY_PHASE_STRIP = YES;
				ENABLE_NS_ASSERTIONS = NO;
				GCC_C_LANGUAGE_STANDARD = gnu99;
				GCC_WARN_64_TO_32_BIT_CONVERSION = YES;
				GCC_WARN_ABOUT_RETURN_TYPE = YES_ERROR;
				GCC_WARN_UNDECLARED_SELECTOR = YES;
				GCC_WARN_UNINITIALIZED_AUTOS = YES_AGGRESSIVE;
				GCC_WARN_UNUSED_FUNCTION = YES;
				GCC_WARN_UNUSED_VARIABLE = YES;
				IPHONEOS_DEPLOYMENT_TARGET = 7.1;
				SDKROOT = iphoneos;
				TARGETED_DEVICE_FAMILY = "1,2";
				VALIDATE_PRODUCT = YES;
			};
			name = Release;
		};
		705E62E91948F1E80031E4B5 /* Debug */ = {
			isa = XCBuildConfiguration;
			buildSettings = {
				ASSETCATALOG_COMPILER_APPICON_NAME = AppIcon;
				ASSETCATALOG_COMPILER_LAUNCHIMAGE_NAME = LaunchImage;
				GCC_PRECOMPILE_PREFIX_HEADER = YES;
				GCC_PREFIX_HEADER = "ThisIsAProject/ThisIsAProject-Prefix.pch";
				INFOPLIST_FILE = "ThisIsAProject/ThisIsAProject-Info.plist";
				PRODUCT_NAME = "$(TARGET_NAME)";
				WRAPPER_EXTENSION = app;
			};
			name = Debug;
		};
		705E62EA1948F1E80031E4B5 /* Release */ = {
			isa = XCBuildConfiguration;
			buildSettings = {
				ASSETCATALOG_COMPILER_APPICON_NAME = AppIcon;
				ASSETCATALOG_COMPILER_LAUNCHIMAGE_NAME = LaunchImage;
				GCC_PRECOMPILE_PREFIX_HEADER = YES;
				GCC_PREFIX_HEADER = "ThisIsAProject/ThisIsAProject-Prefix.pch";
				INFOPLIST_FILE = "ThisIsAProject/ThisIsAProject-Info.plist";
				PRODUCT_NAME = "$(TARGET_NAME)";
				WRAPPER_EXTENSION = app;
			};
			name = Release;
		};
		705E62EC1948F1E80031E4B5 /* Debug */ = {
			isa = XCBuildConfiguration;
			buildSettings = {
				BUNDLE_LOADER = "$(BUILT_PRODUCTS_DIR)/ThisIsAProject.app/ThisIsAProject";
				FRAMEWORK_SEARCH_PATHS = (
					"$(SDKROOT)/Developer/Library/Frameworks",
					"$(inherited)",
					"$(DEVELOPER_FRAMEWORKS_DIR)",
				);
				GCC_PRECOMPILE_PREFIX_HEADER = YES;
				GCC_PREFIX_HEADER = "ThisIsAProject/ThisIsAProject-Prefix.pch";
				GCC_PREPROCESSOR_DEFINITIONS = (
					"DEBUG=1",
					"$(inherited)",
				);
				INFOPLIST_FILE = "ThisIsAProjectTests/ThisIsAProjectTests-Info.plist";
				PRODUCT_NAME = "$(TARGET_NAME)";
				TEST_HOST = "$(BUNDLE_LOADER)";
				WRAPPER_EXTENSION = xctest;
			};
			name = Debug;
		};
		705E62ED1948F1E80031E4B5 /* Release */ = {
			isa = XCBuildConfiguration;
			buildSettings = {
				BUNDLE_LOADER = "$(BUILT_PRODUCTS_DIR)/ThisIsAProject.app/ThisIsAProject";
				FRAMEWORK_SEARCH_PATHS = (
					"$(SDKROOT)/Developer/Library/Frameworks",
					"$(inherited)",
					"$(DEVELOPER_FRAMEWORKS_DIR)",
				);
				GCC_PRECOMPILE_PREFIX_HEADER = YES;
				GCC_PREFIX_HEADER = "ThisIsAProject/ThisIsAProject-Prefix.pch";
				INFOPLIST_FILE = "ThisIsAProjectTests/ThisIsAProjectTests-Info.plist";
				PRODUCT_NAME = "$(TARGET_NAME)";
				TEST_HOST = "$(BUNDLE_LOADER)";
				WRAPPER_EXTENSION = xctest;
			};
			name = Release;
		};
/* End XCBuildConfiguration section */

/* Begin XCConfigurationList section */
		705E62B71948F1E80031E4B5 /* Build configuration list for PBXProject "ThisIsAProject" */ = {
			isa = XCConfigurationList;
			buildConfigurations = (
				705E62E61948F1E80031E4B5 /* Debug */,
				705E62E71948F1E80031E4B5 /* Release */,
			);
			defaultConfigurationIsVisible = 0;
			defaultConfigurationName = Release;
		};
		705E62E81948F1E80031E4B5 /* Build configuration list for PBXNativeTarget "ThisIsAProject" */ = {
			isa = XCConfigurationList;
			buildConfigurations = (
				705E62E91948F1E80031E4B5 /* Debug */,
				705E62EA1948F1E80031E4B5 /* Release */,
			);
			defaultConfigurationIsVisible = 0;
		};
		705E62EB1948F1E80031E4B5 /* Build configuration list for PBXNativeTarget "ThisIsAProjectTests" */ = {
			isa = XCConfigurationList;
			buildConfigurations = (
				705E62EC1948F1E80031E4B5 /* Debug */,
				705E62ED1948F1E80031E4B5 /* Release */,
			);
			defaultConfigurationIsVisible = 0;
		};
/* End XCConfigurationList section */
	};
	rootObject = 705E62B41948F1E80031E4B5 /* Project object */;
}
